{
  "version": 4,
  "terraform_version": "1.3.1",
  "serial": 252,
  "lineage": "3c8696b8-5abf-e3ce-36c5-a16a05553b52",
  "outputs": {
    "public_ip_address": {
      "value": "Dev-VM: 20.168.242.227",
      "type": "string"
    }
  },
  "resources": [
    {
      "mode": "data",
      "type": "azurerm_public_ip",
      "name": "Dev-ip-data",
      "provider": "provider[\"registry.terraform.io/hashicorp/azurerm\"]",
      "instances": [
        {
          "schema_version": 0,
          "attributes": {
            "allocation_method": "Dynamic",
            "domain_name_label": "",
            "fqdn": "",
            "id": "/subscriptions/871a6abc-8fe8-4427-ae0a-e96b2aced47a/resourceGroups/Dev-RG/providers/Microsoft.Network/publicIPAddresses/Dev-ip",
            "idle_timeout_in_minutes": 4,
            "ip_address": "20.168.242.227",
            "ip_tags": {},
            "ip_version": "IPv4",
            "location": "eastus",
            "name": "Dev-ip",
            "resource_group_name": "Dev-RG",
            "reverse_fqdn": "",
            "sku": "Basic",
            "tags": {
              "Environment": "Dev"
            },
            "timeouts": null,
            "zones": []
          },
          "sensitive_attributes": []
        }
      ]
    },
    {
      "mode": "managed",
      "type": "azurerm_linux_virtual_machine",
      "name": "Dev-VM",
      "provider": "provider[\"registry.terraform.io/hashicorp/azurerm\"]",
      "instances": [
        {
          "schema_version": 0,
          "attributes": {
            "additional_capabilities": [],
            "admin_password": null,
            "admin_ssh_key": [
              {
                "public_key": "ssh-rsa AAAAB3NzaC1yc2EAAAADAQABAAABgQDILinXTjP8qlDNgUuqkd2MSfLCN0G80nCEB9wDkfbvx8U6XypTjNeaMOkSl/IwCoJIiRZeZtO5vi6pCGnjxIzyWI0syonCS0aItil/5NhzgK2hGJiMf8tbE7BU1/+1aRa3cJso0zKLnYN9bgACY6TTPbo/iez0Ujd3SzdnOADWq+levZ75dWTzBUe+nBTwFPZCr01ub4n7gRrL4LLI1QsZ/TbNaYQyfRk4D4rH3pJkhuVcmyFr+B/D+/ZvGjNkdXltmwmsNqky115Pnz/gsfTHpt4JxTCGYtkb3wLycEc1VeWvIZiv9sK8I17T8utV/wYOWku3iQlfF2U2bbg+7pfWZieFycaE0FN97IXs7whuxF1eUIShqTqLv3JMYuOtghbClkVQHY0KE6NPOzSdpau/8gNedRXtmHJxnTB4eiUdFNqmn/6Zc+84VcBOuB9zD2Izq81qrfwxjUv7aKrJsNhxdBLzQ/htbcJDNJaAxdKEoG5Ae9kecHIfPcVx2bDklpU= avanade-corp\\naveen.pusuluri@WINAPagp2GB2Y6q\r\n",
                "username": "adminuser"
              }
            ],
            "admin_username": "adminuser",
            "allow_extension_operations": true,
            "availability_set_id": "",
            "boot_diagnostics": [],
            "capacity_reservation_group_id": "",
            "computer_name": "Dev-VM",
            "custom_data": "IyEvYmluL2Jhc2gNCnN1ZG8gYXB0LWdldCB1cGRhdGUgLXkgJiYNCnN1ZG8gYXB0LWdldCBpbnN0YWxsIC15IFwNCmFwdC10cmFuc3BvcnQtaHR0cHMgXA0KY2EtY2VydGlmaWNhdGVzIFwNCmN1cmwgXA0KZ251cGctYWdlbnQgXA0Kc29mdHdhcmUtcHJvcGVydGllcy1jb21tb24gJiYNCmN1cmwgLWZzU0wgaHR0cHM6Ly9kb3dubG9hZC5kb2NrZXIuY29tL2xpbnV4L3VidW50dS9ncGcgfCBzdWRvIGFwdC1rZXkgYWRkIC0gJiYNCnN1ZG8gYWRkLWFwdC1yZXBvc2l0b3J5ICJkZWIgW2FyY2g9YW1kNjRdIGh0dHBzOi8vZG93bmxvYWQuZG9ja2VyLmNvbS9saW51eC91YnVudHUgJChsc2JfcmVsZWFzZSAtY3MpIHN0YWJsZSIgJiYNCnN1ZG8gYXB0LWdldCB1cGRhdGUgLXkgJiYNCnN1ZG8gc3VkbyBhcHQtZ2V0IGluc3RhbGwgZG9ja2VyLWNlIGRvY2tlci1jZS1jbGkgY29udGFpbmVyZC5pbyAteSAmJg0Kc3VkbyB1c2VybW9kIC1hRyBkb2NrZXIgdWJ1bnR1",
            "dedicated_host_group_id": "",
            "dedicated_host_id": "",
            "disable_password_authentication": true,
            "edge_zone": "",
            "encryption_at_host_enabled": false,
            "eviction_policy": "",
            "extensions_time_budget": "PT1H30M",
            "gallery_application": [],
            "id": "/subscriptions/871a6abc-8fe8-4427-ae0a-e96b2aced47a/resourceGroups/Dev-RG/providers/Microsoft.Compute/virtualMachines/Dev-VM",
            "identity": [],
            "license_type": "",
            "location": "eastus",
            "max_bid_price": -1,
            "name": "Dev-VM",
            "network_interface_ids": [
              "/subscriptions/871a6abc-8fe8-4427-ae0a-e96b2aced47a/resourceGroups/Dev-RG/providers/Microsoft.Network/networkInterfaces/Dev-NIC"
            ],
            "os_disk": [
              {
                "caching": "ReadWrite",
                "diff_disk_settings": [],
                "disk_encryption_set_id": "",
                "disk_size_gb": 30,
                "name": "Dev-VM_OsDisk_1_81d47fddfcac41b7b9d65473d2153181",
                "secure_vm_disk_encryption_set_id": "",
                "security_encryption_type": "",
                "storage_account_type": "Standard_LRS",
                "write_accelerator_enabled": false
              }
            ],
            "patch_assessment_mode": "ImageDefault",
            "patch_mode": "ImageDefault",
            "plan": [],
            "platform_fault_domain": -1,
            "priority": "Regular",
            "private_ip_address": "10.0.1.4",
            "private_ip_addresses": [
              "10.0.1.4"
            ],
            "provision_vm_agent": true,
            "proximity_placement_group_id": "",
            "public_ip_address": "20.168.242.227",
            "public_ip_addresses": [
              "20.168.242.227"
            ],
            "resource_group_name": "Dev-RG",
            "secret": [],
            "secure_boot_enabled": false,
            "size": "Standard_D2s_v3",
            "source_image_id": "",
            "source_image_reference": [
              {
                "offer": "UbuntuServer",
                "publisher": "Canonical",
                "sku": "18.04-LTS",
                "version": "latest"
              }
            ],
            "tags": {
              "Environment": "Dev"
            },
            "termination_notification": [],
            "timeouts": null,
            "user_data": "",
            "virtual_machine_id": "87487bc8-5211-4e4a-8acf-a693c0c7850c",
            "virtual_machine_scale_set_id": "",
            "vtpm_enabled": false,
            "zone": ""
          },
          "sensitive_attributes": [],
          "private": "eyJlMmJmYjczMC1lY2FhLTExZTYtOGY4OC0zNDM2M2JjN2M0YzAiOnsiY3JlYXRlIjoyNzAwMDAwMDAwMDAwLCJkZWxldGUiOjI3MDAwMDAwMDAwMDAsInJlYWQiOjMwMDAwMDAwMDAwMCwidXBkYXRlIjoyNzAwMDAwMDAwMDAwfX0=",
          "dependencies": [
            "azurerm_network_interface.Dev-NIC",
            "azurerm_public_ip.Dev-ip",
            "azurerm_resource_group.Dev-RG",
            "azurerm_subnet.Dev-Subnet",
            "azurerm_virtual_network.Dev-VN"
          ]
        }
      ]
    },
    {
      "mode": "managed",
      "type": "azurerm_network_interface",
      "name": "Dev-NIC",
      "provider": "provider[\"registry.terraform.io/hashicorp/azurerm\"]",
      "instances": [
        {
          "schema_version": 0,
          "attributes": {
            "applied_dns_servers": [],
            "dns_servers": [],
            "edge_zone": "",
            "enable_accelerated_networking": false,
            "enable_ip_forwarding": false,
            "id": "/subscriptions/871a6abc-8fe8-4427-ae0a-e96b2aced47a/resourceGroups/Dev-RG/providers/Microsoft.Network/networkInterfaces/Dev-NIC",
            "internal_dns_name_label": "",
            "internal_domain_name_suffix": "5m2ypbe3pt0ujnnlxu5zjh0tyd.bx.internal.cloudapp.net",
            "ip_configuration": [
              {
                "gateway_load_balancer_frontend_ip_configuration_id": "",
                "name": "internal",
                "primary": true,
                "private_ip_address": "10.0.1.4",
                "private_ip_address_allocation": "Dynamic",
                "private_ip_address_version": "IPv4",
                "public_ip_address_id": "/subscriptions/871a6abc-8fe8-4427-ae0a-e96b2aced47a/resourceGroups/Dev-RG/providers/Microsoft.Network/publicIPAddresses/Dev-ip",
                "subnet_id": "/subscriptions/871a6abc-8fe8-4427-ae0a-e96b2aced47a/resourceGroups/Dev-RG/providers/Microsoft.Network/virtualNetworks/Dev-network/subnets/Dev-Subnet"
              }
            ],
            "location": "eastus",
            "mac_address": "00-0D-3A-18-D2-CC",
            "name": "Dev-NIC",
            "private_ip_address": "10.0.1.4",
            "private_ip_addresses": [
              "10.0.1.4"
            ],
            "resource_group_name": "Dev-RG",
            "tags": {
              "Environment": "Dev"
            },
            "timeouts": null,
            "virtual_machine_id": "/subscriptions/871a6abc-8fe8-4427-ae0a-e96b2aced47a/resourceGroups/Dev-RG/providers/Microsoft.Compute/virtualMachines/Dev-VM"
          },
          "sensitive_attributes": [],
          "private": "eyJlMmJmYjczMC1lY2FhLTExZTYtOGY4OC0zNDM2M2JjN2M0YzAiOnsiY3JlYXRlIjoxODAwMDAwMDAwMDAwLCJkZWxldGUiOjE4MDAwMDAwMDAwMDAsInJlYWQiOjMwMDAwMDAwMDAwMCwidXBkYXRlIjoxODAwMDAwMDAwMDAwfX0=",
          "dependencies": [
            "azurerm_public_ip.Dev-ip",
            "azurerm_resource_group.Dev-RG",
            "azurerm_subnet.Dev-Subnet",
            "azurerm_virtual_network.Dev-VN"
          ]
        }
      ]
    },
    {
      "mode": "managed",
      "type": "azurerm_network_security_group",
      "name": "Dev-SGP",
      "provider": "provider[\"registry.terraform.io/hashicorp/azurerm\"]",
      "instances": [
        {
          "schema_version": 0,
          "attributes": {
            "id": "/subscriptions/871a6abc-8fe8-4427-ae0a-e96b2aced47a/resourceGroups/Dev-RG/providers/Microsoft.Network/networkSecurityGroups/Dev-SGP",
            "location": "eastus",
            "name": "Dev-SGP",
            "resource_group_name": "Dev-RG",
            "security_rule": [
              {
                "access": "Allow",
                "description": "",
                "destination_address_prefix": "*",
                "destination_address_prefixes": [],
                "destination_application_security_group_ids": [],
                "destination_port_range": "*",
                "destination_port_ranges": [],
                "direction": "Inbound",
                "name": "Dev-SGP-Rule",
                "priority": 100,
                "protocol": "Tcp",
                "source_address_prefix": "*",
                "source_address_prefixes": [],
                "source_application_security_group_ids": [],
                "source_port_range": "*",
                "source_port_ranges": []
              }
            ],
            "tags": {
              "Environment": "Dev"
            },
            "timeouts": null
          },
          "sensitive_attributes": [],
          "private": "eyJlMmJmYjczMC1lY2FhLTExZTYtOGY4OC0zNDM2M2JjN2M0YzAiOnsiY3JlYXRlIjoxODAwMDAwMDAwMDAwLCJkZWxldGUiOjE4MDAwMDAwMDAwMDAsInJlYWQiOjMwMDAwMDAwMDAwMCwidXBkYXRlIjoxODAwMDAwMDAwMDAwfX0=",
          "dependencies": [
            "azurerm_resource_group.Dev-RG"
          ]
        }
      ]
    },
    {
      "mode": "managed",
      "type": "azurerm_network_security_rule",
      "name": "Dev-SGP-Rule",
      "provider": "provider[\"registry.terraform.io/hashicorp/azurerm\"]",
      "instances": [
        {
          "schema_version": 0,
          "attributes": {
            "access": "Allow",
            "description": "",
            "destination_address_prefix": "*",
            "destination_address_prefixes": [],
            "destination_application_security_group_ids": [],
            "destination_port_range": "*",
            "destination_port_ranges": [],
            "direction": "Inbound",
            "id": "/subscriptions/871a6abc-8fe8-4427-ae0a-e96b2aced47a/resourceGroups/Dev-RG/providers/Microsoft.Network/networkSecurityGroups/Dev-SGP/securityRules/Dev-SGP-Rule",
            "name": "Dev-SGP-Rule",
            "network_security_group_name": "Dev-SGP",
            "priority": 100,
            "protocol": "Tcp",
            "resource_group_name": "Dev-RG",
            "source_address_prefix": "*",
            "source_address_prefixes": [],
            "source_application_security_group_ids": [],
            "source_port_range": "*",
            "source_port_ranges": [],
            "timeouts": null
          },
          "sensitive_attributes": [],
          "private": "eyJlMmJmYjczMC1lY2FhLTExZTYtOGY4OC0zNDM2M2JjN2M0YzAiOnsiY3JlYXRlIjoxODAwMDAwMDAwMDAwLCJkZWxldGUiOjE4MDAwMDAwMDAwMDAsInJlYWQiOjMwMDAwMDAwMDAwMCwidXBkYXRlIjoxODAwMDAwMDAwMDAwfX0=",
          "dependencies": [
            "azurerm_network_security_group.Dev-SGP",
            "azurerm_resource_group.Dev-RG"
          ]
        }
      ]
    },
    {
      "mode": "managed",
      "type": "azurerm_public_ip",
      "name": "Dev-ip",
      "provider": "provider[\"registry.terraform.io/hashicorp/azurerm\"]",
      "instances": [
        {
          "schema_version": 0,
          "attributes": {
            "allocation_method": "Dynamic",
            "domain_name_label": null,
            "edge_zone": "",
            "fqdn": null,
            "id": "/subscriptions/871a6abc-8fe8-4427-ae0a-e96b2aced47a/resourceGroups/Dev-RG/providers/Microsoft.Network/publicIPAddresses/Dev-ip",
            "idle_timeout_in_minutes": 4,
            "ip_address": "20.168.242.227",
            "ip_tags": {},
            "ip_version": "IPv4",
            "location": "eastus",
            "name": "Dev-ip",
            "public_ip_prefix_id": null,
            "resource_group_name": "Dev-RG",
            "reverse_fqdn": null,
            "sku": "Basic",
            "sku_tier": "Regional",
            "tags": {
              "Environment": "Dev"
            },
            "timeouts": null,
            "zones": []
          },
          "sensitive_attributes": [],
          "private": "eyJlMmJmYjczMC1lY2FhLTExZTYtOGY4OC0zNDM2M2JjN2M0YzAiOnsiY3JlYXRlIjoxODAwMDAwMDAwMDAwLCJkZWxldGUiOjE4MDAwMDAwMDAwMDAsInJlYWQiOjMwMDAwMDAwMDAwMCwidXBkYXRlIjoxODAwMDAwMDAwMDAwfX0=",
          "dependencies": [
            "azurerm_resource_group.Dev-RG"
          ]
        }
      ]
    },
    {
      "mode": "managed",
      "type": "azurerm_resource_group",
      "name": "Dev-RG",
      "provider": "provider[\"registry.terraform.io/hashicorp/azurerm\"]",
      "instances": [
        {
          "schema_version": 0,
          "attributes": {
            "id": "/subscriptions/871a6abc-8fe8-4427-ae0a-e96b2aced47a/resourceGroups/Dev-RG",
            "location": "eastus",
            "name": "Dev-RG",
            "tags": {
              "Environment": "Dev"
            },
            "timeouts": null
          },
          "sensitive_attributes": [],
          "private": "eyJlMmJmYjczMC1lY2FhLTExZTYtOGY4OC0zNDM2M2JjN2M0YzAiOnsiY3JlYXRlIjo1NDAwMDAwMDAwMDAwLCJkZWxldGUiOjU0MDAwMDAwMDAwMDAsInJlYWQiOjMwMDAwMDAwMDAwMCwidXBkYXRlIjo1NDAwMDAwMDAwMDAwfX0="
        }
      ]
    },
    {
      "mode": "managed",
      "type": "azurerm_subnet",
      "name": "Dev-Subnet",
      "provider": "provider[\"registry.terraform.io/hashicorp/azurerm\"]",
      "instances": [
        {
          "schema_version": 0,
          "attributes": {
            "address_prefixes": [
              "10.0.1.0/24"
            ],
            "delegation": [],
            "enforce_private_link_endpoint_network_policies": false,
            "enforce_private_link_service_network_policies": false,
            "id": "/subscriptions/871a6abc-8fe8-4427-ae0a-e96b2aced47a/resourceGroups/Dev-RG/providers/Microsoft.Network/virtualNetworks/Dev-network/subnets/Dev-Subnet",
            "name": "Dev-Subnet",
            "private_endpoint_network_policies_enabled": true,
            "private_link_service_network_policies_enabled": true,
            "resource_group_name": "Dev-RG",
            "service_endpoint_policy_ids": [],
            "service_endpoints": [],
            "timeouts": null,
            "virtual_network_name": "Dev-network"
          },
          "sensitive_attributes": [],
          "private": "eyJlMmJmYjczMC1lY2FhLTExZTYtOGY4OC0zNDM2M2JjN2M0YzAiOnsiY3JlYXRlIjoxODAwMDAwMDAwMDAwLCJkZWxldGUiOjE4MDAwMDAwMDAwMDAsInJlYWQiOjMwMDAwMDAwMDAwMCwidXBkYXRlIjoxODAwMDAwMDAwMDAwfX0=",
          "dependencies": [
            "azurerm_resource_group.Dev-RG",
            "azurerm_virtual_network.Dev-VN"
          ]
        }
      ]
    },
    {
      "mode": "managed",
      "type": "azurerm_subnet_network_security_group_association",
      "name": "Dev-Sub-Group-association",
      "provider": "provider[\"registry.terraform.io/hashicorp/azurerm\"]",
      "instances": [
        {
          "schema_version": 0,
          "attributes": {
            "id": "/subscriptions/871a6abc-8fe8-4427-ae0a-e96b2aced47a/resourceGroups/Dev-RG/providers/Microsoft.Network/virtualNetworks/Dev-network/subnets/Dev-Subnet",
            "network_security_group_id": "/subscriptions/871a6abc-8fe8-4427-ae0a-e96b2aced47a/resourceGroups/Dev-RG/providers/Microsoft.Network/networkSecurityGroups/Dev-SGP",
            "subnet_id": "/subscriptions/871a6abc-8fe8-4427-ae0a-e96b2aced47a/resourceGroups/Dev-RG/providers/Microsoft.Network/virtualNetworks/Dev-network/subnets/Dev-Subnet",
            "timeouts": null
          },
          "sensitive_attributes": [],
          "private": "eyJlMmJmYjczMC1lY2FhLTExZTYtOGY4OC0zNDM2M2JjN2M0YzAiOnsiY3JlYXRlIjoxODAwMDAwMDAwMDAwLCJkZWxldGUiOjE4MDAwMDAwMDAwMDAsInJlYWQiOjMwMDAwMDAwMDAwMCwidXBkYXRlIjoxODAwMDAwMDAwMDAwfX0=",
          "dependencies": [
            "azurerm_network_security_group.Dev-SGP",
            "azurerm_resource_group.Dev-RG",
            "azurerm_subnet.Dev-Subnet",
            "azurerm_virtual_network.Dev-VN"
          ]
        }
      ]
    },
    {
      "mode": "managed",
      "type": "azurerm_virtual_network",
      "name": "Dev-VN",
      "provider": "provider[\"registry.terraform.io/hashicorp/azurerm\"]",
      "instances": [
        {
          "schema_version": 0,
          "attributes": {
            "address_space": [
              "10.0.0.0/16"
            ],
            "bgp_community": "",
            "ddos_protection_plan": [],
            "dns_servers": [],
            "edge_zone": "",
            "flow_timeout_in_minutes": 0,
            "guid": "848739fb-7c9d-44f5-b5ab-bd3f949f53c3",
            "id": "/subscriptions/871a6abc-8fe8-4427-ae0a-e96b2aced47a/resourceGroups/Dev-RG/providers/Microsoft.Network/virtualNetworks/Dev-network",
            "location": "eastus",
            "name": "Dev-network",
            "resource_group_name": "Dev-RG",
            "subnet": [
              {
                "address_prefix": "10.0.1.0/24",
                "id": "/subscriptions/871a6abc-8fe8-4427-ae0a-e96b2aced47a/resourceGroups/Dev-RG/providers/Microsoft.Network/virtualNetworks/Dev-network/subnets/Dev-Subnet",
                "name": "Dev-Subnet",
                "security_group": "/subscriptions/871a6abc-8fe8-4427-ae0a-e96b2aced47a/resourceGroups/Dev-RG/providers/Microsoft.Network/networkSecurityGroups/Dev-SGP"
              }
            ],
            "tags": {
              "Environment": "Dev"
            },
            "timeouts": null
          },
          "sensitive_attributes": [],
          "private": "eyJlMmJmYjczMC1lY2FhLTExZTYtOGY4OC0zNDM2M2JjN2M0YzAiOnsiY3JlYXRlIjoxODAwMDAwMDAwMDAwLCJkZWxldGUiOjE4MDAwMDAwMDAwMDAsInJlYWQiOjMwMDAwMDAwMDAwMCwidXBkYXRlIjoxODAwMDAwMDAwMDAwfX0=",
          "dependencies": [
            "azurerm_resource_group.Dev-RG"
          ]
        }
      ]
    }
  ],
  "check_results": []
}
